
Microsoft Visual Studio Solution File, Format Version 12.00
# Visual Studio Version 17
VisualStudioVersion = 17.6.33829.357
MinimumVisualStudioVersion = 10.0.40219.1
Project("{9A19103F-16F7-4668-BE54-9A1E7A4F7556}") = "PasswordManager", "PasswordManager\PasswordManager.csproj", "{66AA9167-E5E6-4977-A67C-5C38E348AD9E}"
EndProject
Project("{00D1A9C2-B5F0-4AF3-8072-F6C62B433612}") = "PasswordManager.Database", "PasswordManager.Database\PasswordManager.Database.sqlproj", "{37E984D7-4701-40A6-91B0-17BC5FD2A215}"
EndProject
Project("{FAE04EC0-301F-11D3-BF4B-00C04F79EFBC}") = "PasswordManager.Models", "PasswordManager.Models\PasswordManager.Models.csproj", "{C055A23A-1E63-4646-8848-D1D37329FB39}"
EndProject
Project("{FAE04EC0-301F-11D3-BF4B-00C04F79EFBC}") = "PasswordManager.Security", "PasswordManager.Security\PasswordManager.Security.csproj", "{70DA0D27-2348-47A3-BFF4-CE706F2CEEF5}"
EndProject
Project("{FAE04EC0-301F-11D3-BF4B-00C04F79EFBC}") = "PasswordManager.Repository", "PasswordManager.Repository\PasswordManager.Repository.csproj", "{590E0018-5AF7-4DEC-8500-7DD047E78623}"
EndProject
Global
	GlobalSection(SolutionConfigurationPlatforms) = preSolution
		Debug|Any CPU = Debug|Any CPU
		Release|Any CPU = Release|Any CPU
	EndGlobalSection
	GlobalSection(ProjectConfigurationPlatforms) = postSolution
		{66AA9167-E5E6-4977-A67C-5C38E348AD9E}.Debug|Any CPU.ActiveCfg = Debug|Any CPU
		{66AA9167-E5E6-4977-A67C-5C38E348AD9E}.Debug|Any CPU.Build.0 = Debug|Any CPU
		{66AA9167-E5E6-4977-A67C-5C38E348AD9E}.Release|Any CPU.ActiveCfg = Release|Any CPU
		{66AA9167-E5E6-4977-A67C-5C38E348AD9E}.Release|Any CPU.Build.0 = Release|Any CPU
		{37E984D7-4701-40A6-91B0-17BC5FD2A215}.Debug|Any CPU.ActiveCfg = Debug|Any CPU
		{37E984D7-4701-40A6-91B0-17BC5FD2A215}.Debug|Any CPU.Build.0 = Debug|Any CPU
		{37E984D7-4701-40A6-91B0-17BC5FD2A215}.Debug|Any CPU.Deploy.0 = Debug|Any CPU
		{37E984D7-4701-40A6-91B0-17BC5FD2A215}.Release|Any CPU.ActiveCfg = Release|Any CPU
		{37E984D7-4701-40A6-91B0-17BC5FD2A215}.Release|Any CPU.Build.0 = Release|Any CPU
		{37E984D7-4701-40A6-91B0-17BC5FD2A215}.Release|Any CPU.Deploy.0 = Release|Any CPU
		{C055A23A-1E63-4646-8848-D1D37329FB39}.Debug|Any CPU.ActiveCfg = Debug|Any CPU
		{C055A23A-1E63-4646-8848-D1D37329FB39}.Debug|Any CPU.Build.0 = Debug|Any CPU
		{C055A23A-1E63-4646-8848-D1D37329FB39}.Release|Any CPU.ActiveCfg = Release|Any CPU
		{C055A23A-1E63-4646-8848-D1D37329FB39}.Release|Any CPU.Build.0 = Release|Any CPU
		{70DA0D27-2348-47A3-BFF4-CE706F2CEEF5}.Debug|Any CPU.ActiveCfg = Debug|Any CPU
		{70DA0D27-2348-47A3-BFF4-CE706F2CEEF5}.Debug|Any CPU.Build.0 = Debug|Any CPU
		{70DA0D27-2348-47A3-BFF4-CE706F2CEEF5}.Release|Any CPU.ActiveCfg = Release|Any CPU
		{70DA0D27-2348-47A3-BFF4-CE706F2CEEF5}.Release|Any CPU.Build.0 = Release|Any CPU
		{590E0018-5AF7-4DEC-8500-7DD047E78623}.Debug|Any CPU.ActiveCfg = Debug|Any CPU
		{590E0018-5AF7-4DEC-8500-7DD047E78623}.Debug|Any CPU.Build.0 = Debug|Any CPU
		{590E0018-5AF7-4DEC-8500-7DD047E78623}.Release|Any CPU.ActiveCfg = Release|Any CPU
		{590E0018-5AF7-4DEC-8500-7DD047E78623}.Release|Any CPU.Build.0 = Release|Any CPU
	EndGlobalSection
	GlobalSection(SolutionProperties) = preSolution
		HideSolutionNode = FALSE
	EndGlobalSection
	GlobalSection(ExtensibilityGlobals) = postSolution
		SolutionGuid = {4E48C13B-C220-4DF8-9191-22E3E2274996}
	EndGlobalSection
EndGlobal
